
Microsoft Visual Studio Solution File, Format Version 12.00
# Visual Studio Version 17
VisualStudioVersion = 17.7.34031.279
MinimumVisualStudioVersion = 10.0.40219.1
Project("{FAE04EC0-301F-11D3-BF4B-00C04F79EFBC}") = "modLib", "modLib.csproj", "{366A7500-A782-4827-852E-7C0CF25D4682}"
EndProject
Global
	GlobalSection(SolutionConfigurationPlatforms) = preSolution
		Debug|Any CPU = Debug|Any CPU
		Release|Any CPU = Release|Any CPU
	EndGlobalSection
	GlobalSection(ProjectConfigurationPlatforms) = postSolution
		{366A7500-A782-4827-852E-7C0CF25D4682}.Debug|Any CPU.ActiveCfg = Debug|Any CPU
		{366A7500-A782-4827-852E-7C0CF25D4682}.Debug|Any CPU.Build.0 = Debug|Any CPU
		{366A7500-A782-4827-852E-7C0CF25D4682}.Release|Any CPU.ActiveCfg = Release|Any CPU
		{366A7500-A782-4827-852E-7C0CF25D4682}.Release|Any CPU.Build.0 = Release|Any CPU
	EndGlobalSection
	GlobalSection(SolutionProperties) = preSolution
		HideSolutionNode = FALSE
	EndGlobalSection
	GlobalSection(ExtensibilityGlobals) = postSolution
		SolutionGuid = {7539D767-85DD-4E02-93CD-2D87A8A9D538}
	EndGlobalSection
EndGlobal
